# THIS IS AN AUTOGENERATED FILE. DO NOT EDIT THIS FILE DIRECTLY.
# yarn lockfile v1


convert-csv-to-array@^1.0.3:
  version "1.0.3"
  resolved "https://registry.yarnpkg.com/convert-csv-to-array/-/convert-csv-to-array-1.0.3.tgz#6e4e74001d84788ce1158259ddd66070f9a03710"
  integrity sha512-F2o7RgfkegFwbxJN+mryqPPJHQaUzRej5JU3dzaXMPk7hVJKnsHu/Mm/y8rku/oflNyEILAbOKe8FcEAQkpxwg==
  dependencies:
    convert-string-to-number "^1.0.3"

convert-string-to-number@^1.0.3:
  version "1.0.3"
  resolved "https://registry.yarnpkg.com/convert-string-to-number/-/convert-string-to-number-1.0.3.tgz#424a8dba3b4f7a0c215878d0d4b97a5a25519bb5"
  integrity sha512-ZvP2/ob7UvvC6s7euMDU2JXYz1dTdBXS8QvOgCPOiGHHYNsKcJ/WZUui3wL0vngXRfM7/3QSFF2PZWlPjgKeUA==

csv-parser@^3.0.0:
  version "3.0.0"
  resolved "https://registry.yarnpkg.com/csv-parser/-/csv-parser-3.0.0.tgz#b88a6256d79e090a97a1b56451f9327b01d710e7"
  integrity sha512-s6OYSXAK3IdKqYO33y09jhypG/bSDHPuyCme/IdEHfWpLf/jKcpitVFyOC6UemgGk8v7Q5u2XE0vvwmanxhGlQ==
  dependencies:
    minimist "^1.2.0"

minimist@^1.2.0:
  version "1.2.5"
  resolved "https://registry.yarnpkg.com/minimist/-/minimist-1.2.5.tgz#67d66014b66a6a8aaa0c083c5fd58df4e4e97602"
  integrity sha512-FM9nNUYrRBAELZQT3xeZQ7fmMOBg6nWNmJKTcgsJeaLstP/UODVpGsr5OhXhhXg6f+qtJ8uiZ+PUxkDWcgIXLw==
